
Microsoft Visual Studio Solution File, Format Version 12.00
# Visual Studio Version 16
VisualStudioVersion = 16.0.32106.194
MinimumVisualStudioVersion = 10.0.40219.1
Project("{8BC9CEB8-8B4A-11D0-8D11-00A0C91BC942}") = "CSSaoriProxy", "CSSaoriProxy.vcxproj", "{FC16590A-5EDF-47F0-8564-A1E28B3E6DD6}"
EndProject
Project("{FAE04EC0-301F-11D3-BF4B-00C04F79EFBC}") = "ConsoleApp1", "..\ConsoleApp1\ConsoleApp1.csproj", "{0975CB46-72A5-40B4-A2BE-F694BD5E8789}"
EndProject
Global
	GlobalSection(SolutionConfigurationPlatforms) = preSolution
		Debug|Any CPU = Debug|Any CPU
		Debug|x64 = Debug|x64
		Debug|x86 = Debug|x86
		Release|Any CPU = Release|Any CPU
		Release|x64 = Release|x64
		Release|x86 = Release|x86
	EndGlobalSection
	GlobalSection(ProjectConfigurationPlatforms) = postSolution
		{FC16590A-5EDF-47F0-8564-A1E28B3E6DD6}.Debug|Any CPU.ActiveCfg = Debug|Win32
		{FC16590A-5EDF-47F0-8564-A1E28B3E6DD6}.Debug|x64.ActiveCfg = Debug|x64
		{FC16590A-5EDF-47F0-8564-A1E28B3E6DD6}.Debug|x64.Build.0 = Debug|x64
		{FC16590A-5EDF-47F0-8564-A1E28B3E6DD6}.Debug|x86.ActiveCfg = Debug|Win32
		{FC16590A-5EDF-47F0-8564-A1E28B3E6DD6}.Debug|x86.Build.0 = Debug|Win32
		{FC16590A-5EDF-47F0-8564-A1E28B3E6DD6}.Release|Any CPU.ActiveCfg = Release|Win32
		{FC16590A-5EDF-47F0-8564-A1E28B3E6DD6}.Release|x64.ActiveCfg = Release|x64
		{FC16590A-5EDF-47F0-8564-A1E28B3E6DD6}.Release|x64.Build.0 = Release|x64
		{FC16590A-5EDF-47F0-8564-A1E28B3E6DD6}.Release|x86.ActiveCfg = Release|Win32
		{FC16590A-5EDF-47F0-8564-A1E28B3E6DD6}.Release|x86.Build.0 = Release|Win32
		{0975CB46-72A5-40B4-A2BE-F694BD5E8789}.Debug|Any CPU.ActiveCfg = Debug|Any CPU
		{0975CB46-72A5-40B4-A2BE-F694BD5E8789}.Debug|Any CPU.Build.0 = Debug|Any CPU
		{0975CB46-72A5-40B4-A2BE-F694BD5E8789}.Debug|x64.ActiveCfg = Debug|Any CPU
		{0975CB46-72A5-40B4-A2BE-F694BD5E8789}.Debug|x64.Build.0 = Debug|Any CPU
		{0975CB46-72A5-40B4-A2BE-F694BD5E8789}.Debug|x86.ActiveCfg = Debug|Any CPU
		{0975CB46-72A5-40B4-A2BE-F694BD5E8789}.Debug|x86.Build.0 = Debug|Any CPU
		{0975CB46-72A5-40B4-A2BE-F694BD5E8789}.Release|Any CPU.ActiveCfg = Release|Any CPU
		{0975CB46-72A5-40B4-A2BE-F694BD5E8789}.Release|Any CPU.Build.0 = Release|Any CPU
		{0975CB46-72A5-40B4-A2BE-F694BD5E8789}.Release|x64.ActiveCfg = Release|Any CPU
		{0975CB46-72A5-40B4-A2BE-F694BD5E8789}.Release|x64.Build.0 = Release|Any CPU
		{0975CB46-72A5-40B4-A2BE-F694BD5E8789}.Release|x86.ActiveCfg = Release|Any CPU
		{0975CB46-72A5-40B4-A2BE-F694BD5E8789}.Release|x86.Build.0 = Release|Any CPU
	EndGlobalSection
	GlobalSection(SolutionProperties) = preSolution
		HideSolutionNode = FALSE
	EndGlobalSection
	GlobalSection(ExtensibilityGlobals) = postSolution
		SolutionGuid = {96A112A4-BC45-4501-93A6-D1785B07C687}
	EndGlobalSection
EndGlobal
